{
  "name": "node",
  "version": "1.0.0",
  "lockfileVersion": 3,
  "requires": true,
  "packages": {
    "": {
      "name": "node",
      "version": "1.0.0",
      "license": "ISC",
      "dependencies": {
        "aida-sdk": "^1.0.0"
      }
    },
    "node_modules/aida-sdk": {
      "version": "1.0.0",
      "resolved": "https://registry.npmjs.org/aida-sdk/-/aida-sdk-1.0.0.tgz",
      "integrity": "sha512-FkQWZUdmrqjXM4jnkXd9jEfysmuF2IB0IWYdyFflukjuKCMNf4j4Qz6fxZSlvzg7mwMTzTQR96YXqeRlsEBQ9A==",
      "license": "MIT",
      "engines": {
        "node": ">=18.0.0"
      }
    }
  }
}
